
Microsoft Visual Studio Solution File, Format Version 12.00
# Visual Studio Version 16
VisualStudioVersion = 16.0.31229.75
MinimumVisualStudioVersion = 10.0.40219.1
Project("{FAE04EC0-301F-11D3-BF4B-00C04F79EFBC}") = "BasicSend", "BasicSend\BasicSend.csproj", "{D2BE5206-CBEC-46D3-9EAB-D45BFDEBD4E1}"
EndProject
Project("{FAE04EC0-301F-11D3-BF4B-00C04F79EFBC}") = "BasicReceive", "BasicReceive\BasicReceive.csproj", "{215ECE8F-5D96-480C-88B5-D46D5B01FC35}"
EndProject
Project("{2150E333-8FDC-42A3-9474-1A3956D46DE8}") = "WorkQueues", "WorkQueues", "{07F46E1C-02DE-40B3-8D18-0D919F49CBD7}"
EndProject
Project("{FAE04EC0-301F-11D3-BF4B-00C04F79EFBC}") = "Send", "WorkQueues\Send.csproj", "{9F3C9495-CE65-4839-A430-D50A0A6F53C6}"
EndProject
Project("{FAE04EC0-301F-11D3-BF4B-00C04F79EFBC}") = "Worker", "Worker\Worker.csproj", "{A829A357-E584-4F99-8ABB-24E7DE9A2C66}"
EndProject
Project("{2150E333-8FDC-42A3-9474-1A3956D46DE8}") = "PublishSubscribe", "PublishSubscribe", "{98781B6A-F3D3-4F8A-9656-698A9A2B52EC}"
EndProject
Project("{FAE04EC0-301F-11D3-BF4B-00C04F79EFBC}") = "Publisher", "Publisher\Publisher.csproj", "{63692F86-0F22-4A1D-921F-359653309336}"
EndProject
Project("{FAE04EC0-301F-11D3-BF4B-00C04F79EFBC}") = "Consumer", "Consumer\Consumer.csproj", "{100284B0-8B9C-4DE9-8421-9A10A4C09A0D}"
EndProject
Project("{2150E333-8FDC-42A3-9474-1A3956D46DE8}") = "Basic", "Basic", "{3916768C-8FDA-4ADF-AFF9-146012D4CF59}"
EndProject
Project("{2150E333-8FDC-42A3-9474-1A3956D46DE8}") = "DirectRouting", "DirectRouting", "{5FEA97D7-C017-4346-AEC9-EB9C3B03E808}"
EndProject
Project("{FAE04EC0-301F-11D3-BF4B-00C04F79EFBC}") = "EmitLogDirect", "EmitLogDirect\EmitLogDirect.csproj", "{21B25D65-C20A-49D6-A8A5-F06AC5978D2C}"
EndProject
Project("{FAE04EC0-301F-11D3-BF4B-00C04F79EFBC}") = "ReceiveLogsDirect", "ReceiveLogsDirect\ReceiveLogsDirect.csproj", "{D85ABF14-197D-4FF4-A140-69AA5EDFB3DE}"
EndProject
Global
	GlobalSection(SolutionConfigurationPlatforms) = preSolution
		Debug|Any CPU = Debug|Any CPU
		Release|Any CPU = Release|Any CPU
	EndGlobalSection
	GlobalSection(ProjectConfigurationPlatforms) = postSolution
		{D2BE5206-CBEC-46D3-9EAB-D45BFDEBD4E1}.Debug|Any CPU.ActiveCfg = Debug|Any CPU
		{D2BE5206-CBEC-46D3-9EAB-D45BFDEBD4E1}.Debug|Any CPU.Build.0 = Debug|Any CPU
		{D2BE5206-CBEC-46D3-9EAB-D45BFDEBD4E1}.Release|Any CPU.ActiveCfg = Release|Any CPU
		{D2BE5206-CBEC-46D3-9EAB-D45BFDEBD4E1}.Release|Any CPU.Build.0 = Release|Any CPU
		{215ECE8F-5D96-480C-88B5-D46D5B01FC35}.Debug|Any CPU.ActiveCfg = Debug|Any CPU
		{215ECE8F-5D96-480C-88B5-D46D5B01FC35}.Debug|Any CPU.Build.0 = Debug|Any CPU
		{215ECE8F-5D96-480C-88B5-D46D5B01FC35}.Release|Any CPU.ActiveCfg = Release|Any CPU
		{215ECE8F-5D96-480C-88B5-D46D5B01FC35}.Release|Any CPU.Build.0 = Release|Any CPU
		{9F3C9495-CE65-4839-A430-D50A0A6F53C6}.Debug|Any CPU.ActiveCfg = Debug|Any CPU
		{9F3C9495-CE65-4839-A430-D50A0A6F53C6}.Debug|Any CPU.Build.0 = Debug|Any CPU
		{9F3C9495-CE65-4839-A430-D50A0A6F53C6}.Release|Any CPU.ActiveCfg = Release|Any CPU
		{9F3C9495-CE65-4839-A430-D50A0A6F53C6}.Release|Any CPU.Build.0 = Release|Any CPU
		{A829A357-E584-4F99-8ABB-24E7DE9A2C66}.Debug|Any CPU.ActiveCfg = Debug|Any CPU
		{A829A357-E584-4F99-8ABB-24E7DE9A2C66}.Debug|Any CPU.Build.0 = Debug|Any CPU
		{A829A357-E584-4F99-8ABB-24E7DE9A2C66}.Release|Any CPU.ActiveCfg = Release|Any CPU
		{A829A357-E584-4F99-8ABB-24E7DE9A2C66}.Release|Any CPU.Build.0 = Release|Any CPU
		{63692F86-0F22-4A1D-921F-359653309336}.Debug|Any CPU.ActiveCfg = Debug|Any CPU
		{63692F86-0F22-4A1D-921F-359653309336}.Debug|Any CPU.Build.0 = Debug|Any CPU
		{63692F86-0F22-4A1D-921F-359653309336}.Release|Any CPU.ActiveCfg = Release|Any CPU
		{63692F86-0F22-4A1D-921F-359653309336}.Release|Any CPU.Build.0 = Release|Any CPU
		{100284B0-8B9C-4DE9-8421-9A10A4C09A0D}.Debug|Any CPU.ActiveCfg = Debug|Any CPU
		{100284B0-8B9C-4DE9-8421-9A10A4C09A0D}.Debug|Any CPU.Build.0 = Debug|Any CPU
		{100284B0-8B9C-4DE9-8421-9A10A4C09A0D}.Release|Any CPU.ActiveCfg = Release|Any CPU
		{100284B0-8B9C-4DE9-8421-9A10A4C09A0D}.Release|Any CPU.Build.0 = Release|Any CPU
		{21B25D65-C20A-49D6-A8A5-F06AC5978D2C}.Debug|Any CPU.ActiveCfg = Debug|Any CPU
		{21B25D65-C20A-49D6-A8A5-F06AC5978D2C}.Debug|Any CPU.Build.0 = Debug|Any CPU
		{21B25D65-C20A-49D6-A8A5-F06AC5978D2C}.Release|Any CPU.ActiveCfg = Release|Any CPU
		{21B25D65-C20A-49D6-A8A5-F06AC5978D2C}.Release|Any CPU.Build.0 = Release|Any CPU
		{D85ABF14-197D-4FF4-A140-69AA5EDFB3DE}.Debug|Any CPU.ActiveCfg = Debug|Any CPU
		{D85ABF14-197D-4FF4-A140-69AA5EDFB3DE}.Debug|Any CPU.Build.0 = Debug|Any CPU
		{D85ABF14-197D-4FF4-A140-69AA5EDFB3DE}.Release|Any CPU.ActiveCfg = Release|Any CPU
		{D85ABF14-197D-4FF4-A140-69AA5EDFB3DE}.Release|Any CPU.Build.0 = Release|Any CPU
	EndGlobalSection
	GlobalSection(SolutionProperties) = preSolution
		HideSolutionNode = FALSE
	EndGlobalSection
	GlobalSection(NestedProjects) = preSolution
		{D2BE5206-CBEC-46D3-9EAB-D45BFDEBD4E1} = {3916768C-8FDA-4ADF-AFF9-146012D4CF59}
		{215ECE8F-5D96-480C-88B5-D46D5B01FC35} = {3916768C-8FDA-4ADF-AFF9-146012D4CF59}
		{9F3C9495-CE65-4839-A430-D50A0A6F53C6} = {07F46E1C-02DE-40B3-8D18-0D919F49CBD7}
		{A829A357-E584-4F99-8ABB-24E7DE9A2C66} = {07F46E1C-02DE-40B3-8D18-0D919F49CBD7}
		{63692F86-0F22-4A1D-921F-359653309336} = {98781B6A-F3D3-4F8A-9656-698A9A2B52EC}
		{100284B0-8B9C-4DE9-8421-9A10A4C09A0D} = {98781B6A-F3D3-4F8A-9656-698A9A2B52EC}
		{21B25D65-C20A-49D6-A8A5-F06AC5978D2C} = {5FEA97D7-C017-4346-AEC9-EB9C3B03E808}
		{D85ABF14-197D-4FF4-A140-69AA5EDFB3DE} = {5FEA97D7-C017-4346-AEC9-EB9C3B03E808}
	EndGlobalSection
	GlobalSection(ExtensibilityGlobals) = postSolution
		SolutionGuid = {BE8FA5EC-EBDB-462F-AF67-286A59677DEA}
	EndGlobalSection
EndGlobal
